// !$*UTF8*$!
{
	archiveVersion = 1;
	classes = {
	};
	objectVersion = 77;
	objects = {

/* Begin PBXBuildFile section */
		0EF9CAA4418172FEBCFAA951 /* SpacingDefaults.swift in Sources */ = {isa = PBXBuildFile; fileRef = 8AF322394504D581EAC9EE08 /* SpacingDefaults.swift */; };
		3585A7A61AAEE1F9163AAE5A /* SpacingSliderCard.swift in Sources */ = {isa = PBXBuildFile; fileRef = BA7E8A095FDAAE2D52B3B188 /* SpacingSliderCard.swift */; };
		47D0B2574F549B5FE65E97B5 /* Assets.xcassets in Resources */ = {isa = PBXBuildFile; fileRef = 70733FB1FAA4B8892EFCFAB4 /* Assets.xcassets */; };
		8F0F51172FBE5554B2AA0496 /* AboutWindow.swift in Sources */ = {isa = PBXBuildFile; fileRef = 5305D17CC1D3B0302D40B35D /* AboutWindow.swift */; };
		99C6A59976ECD2B61A11E44E /* MenuBarSpacingApp.swift in Sources */ = {isa = PBXBuildFile; fileRef = BF2CD43BFCCAC8E502E8825C /* MenuBarSpacingApp.swift */; };
		9CD52BCCA853901F6C84F65D /* ContentView.swift in Sources */ = {isa = PBXBuildFile; fileRef = E1B10F4D25FFE22A3903F27B /* ContentView.swift */; };
		A2CF2A5ABEFAD0817969B47A /* SpacingPreset.swift in Sources */ = {isa = PBXBuildFile; fileRef = C49005C5744A451EF638D877 /* SpacingPreset.swift */; };
		A4548906D75AEE38419CD9E4 /* AboutView.swift in Sources */ = {isa = PBXBuildFile; fileRef = 55039F61E1D1823593D18FC0 /* AboutView.swift */; };
		B5DC31025F1CAFE8B7F58CFF /* Localizable.xcstrings in Resources */ = {isa = PBXBuildFile; fileRef = 21BEADA82317C910CF172212 /* Localizable.xcstrings */; };
		B6A637FC5BD2412A84295B30 /* PresetPicker.swift in Sources */ = {isa = PBXBuildFile; fileRef = CD6A7114640DFD64E27731BD /* PresetPicker.swift */; };
		C7753397D2196F3F14C5DAFF /* ControlCenterRestart.swift in Sources */ = {isa = PBXBuildFile; fileRef = 66C20D0101654E37643155E4 /* ControlCenterRestart.swift */; };
		DDABDA6C8297CF05CE0133AD /* GitHubUpdateChecker.swift in Sources */ = {isa = PBXBuildFile; fileRef = C24E10820A900F22F832B4DC /* GitHubUpdateChecker.swift */; };
		F27C839B5322ECC69733C72F /* ApplySection.swift in Sources */ = {isa = PBXBuildFile; fileRef = 00FA863004A1346A36FFB09F /* ApplySection.swift */; };
		FECE9D9C6BFC347A5788A310 /* MenuBarPreview.swift in Sources */ = {isa = PBXBuildFile; fileRef = 3172FF4E8BAC5F8CB3E0451F /* MenuBarPreview.swift */; };
/* End PBXBuildFile section */

/* Begin PBXFileReference section */
		00FA863004A1346A36FFB09F /* ApplySection.swift */ = {isa = PBXFileReference; lastKnownFileType = sourcecode.swift; path = ApplySection.swift; sourceTree = "<group>"; };
		21BEADA82317C910CF172212 /* Localizable.xcstrings */ = {isa = PBXFileReference; lastKnownFileType = text.json.xcstrings; path = Localizable.xcstrings; sourceTree = "<group>"; };
		23ED68B3C45C33384DDA8092 /* Info.plist */ = {isa = PBXFileReference; lastKnownFileType = text.plist; path = Info.plist; sourceTree = "<group>"; };
		3172FF4E8BAC5F8CB3E0451F /* MenuBarPreview.swift */ = {isa = PBXFileReference; lastKnownFileType = sourcecode.swift; path = MenuBarPreview.swift; sourceTree = "<group>"; };
		3B0F07AD08EABE1601FDE704 /* MenuBarSpacing.entitlements */ = {isa = PBXFileReference; lastKnownFileType = text.plist.entitlements; path = MenuBarSpacing.entitlements; sourceTree = "<group>"; };
		5305D17CC1D3B0302D40B35D /* AboutWindow.swift */ = {isa = PBXFileReference; lastKnownFileType = sourcecode.swift; path = AboutWindow.swift; sourceTree = "<group>"; };
		55039F61E1D1823593D18FC0 /* AboutView.swift */ = {isa = PBXFileReference; lastKnownFileType = sourcecode.swift; path = AboutView.swift; sourceTree = "<group>"; };
		66C20D0101654E37643155E4 /* ControlCenterRestart.swift */ = {isa = PBXFileReference; lastKnownFileType = sourcecode.swift; path = ControlCenterRestart.swift; sourceTree = "<group>"; };
		70733FB1FAA4B8892EFCFAB4 /* Assets.xcassets */ = {isa = PBXFileReference; lastKnownFileType = folder.assetcatalog; path = Assets.xcassets; sourceTree = "<group>"; };
		8AF322394504D581EAC9EE08 /* SpacingDefaults.swift */ = {isa = PBXFileReference; lastKnownFileType = sourcecode.swift; path = SpacingDefaults.swift; sourceTree = "<group>"; };
		BA7E8A095FDAAE2D52B3B188 /* SpacingSliderCard.swift */ = {isa = PBXFileReference; lastKnownFileType = sourcecode.swift; path = SpacingSliderCard.swift; sourceTree = "<group>"; };
		BF2CD43BFCCAC8E502E8825C /* MenuBarSpacingApp.swift */ = {isa = PBXFileReference; lastKnownFileType = sourcecode.swift; path = MenuBarSpacingApp.swift; sourceTree = "<group>"; };
		C24E10820A900F22F832B4DC /* GitHubUpdateChecker.swift */ = {isa = PBXFileReference; lastKnownFileType = sourcecode.swift; path = GitHubUpdateChecker.swift; sourceTree = "<group>"; };
		C49005C5744A451EF638D877 /* SpacingPreset.swift */ = {isa = PBXFileReference; lastKnownFileType = sourcecode.swift; path = SpacingPreset.swift; sourceTree = "<group>"; };
		CD6A7114640DFD64E27731BD /* PresetPicker.swift */ = {isa = PBXFileReference; lastKnownFileType = sourcecode.swift; path = PresetPicker.swift; sourceTree = "<group>"; };
		E1B10F4D25FFE22A3903F27B /* ContentView.swift */ = {isa = PBXFileReference; lastKnownFileType = sourcecode.swift; path = ContentView.swift; sourceTree = "<group>"; };
		ECA8F6C2BD8549A5C3408E45 /* MenuBarSpacing.app */ = {isa = PBXFileReference; explicitFileType = wrapper.application; includeInIndex = 0; path = MenuBarSpacing.app; sourceTree = BUILT_PRODUCTS_DIR; };
/* End PBXFileReference section */

/* Begin PBXGroup section */
		21F045A546E7108E7F704B9F /* MenuBarSpacing */ = {
			isa = PBXGroup;
			children = (
				5A0F803999DBAEA9C9EDBFA6 /* App */,
				B125F5AC5108E77BE06ED5AC /* Engine */,
				C8FDD822B1EBECBC3A96F5BD /* Model */,
				B347656BBFC8F920DAD47785 /* Utilities */,
				7EA770304E735E0D888F24CE /* Views */,
				21BEADA82317C910CF172212 /* Localizable.xcstrings */,
			);
			path = MenuBarSpacing;
			sourceTree = "<group>";
		};
		3285E5B27814D201EF04812C = {
			isa = PBXGroup;
			children = (
				21F045A546E7108E7F704B9F /* MenuBarSpacing */,
				6FBED19840801E26A6C3B1D8 /* Products */,
			);
			sourceTree = "<group>";
		};
		5A0F803999DBAEA9C9EDBFA6 /* App */ = {
			isa = PBXGroup;
			children = (
				70733FB1FAA4B8892EFCFAB4 /* Assets.xcassets */,
				23ED68B3C45C33384DDA8092 /* Info.plist */,
				3B0F07AD08EABE1601FDE704 /* MenuBarSpacing.entitlements */,
				BF2CD43BFCCAC8E502E8825C /* MenuBarSpacingApp.swift */,
			);
			path = App;
			sourceTree = "<group>";
		};
		6FBED19840801E26A6C3B1D8 /* Products */ = {
			isa = PBXGroup;
			children = (
				ECA8F6C2BD8549A5C3408E45 /* MenuBarSpacing.app */,
			);
			name = Products;
			sourceTree = "<group>";
		};
		7EA770304E735E0D888F24CE /* Views */ = {
			isa = PBXGroup;
			children = (
				55039F61E1D1823593D18FC0 /* AboutView.swift */,
				5305D17CC1D3B0302D40B35D /* AboutWindow.swift */,
				00FA863004A1346A36FFB09F /* ApplySection.swift */,
				E1B10F4D25FFE22A3903F27B /* ContentView.swift */,
				3172FF4E8BAC5F8CB3E0451F /* MenuBarPreview.swift */,
				CD6A7114640DFD64E27731BD /* PresetPicker.swift */,
				BA7E8A095FDAAE2D52B3B188 /* SpacingSliderCard.swift */,
			);
			path = Views;
			sourceTree = "<group>";
		};
		B125F5AC5108E77BE06ED5AC /* Engine */ = {
			isa = PBXGroup;
			children = (
				C24E10820A900F22F832B4DC /* GitHubUpdateChecker.swift */,
			);
			path = Engine;
			sourceTree = "<group>";
		};
		B347656BBFC8F920DAD47785 /* Utilities */ = {
			isa = PBXGroup;
			children = (
				66C20D0101654E37643155E4 /* ControlCenterRestart.swift */,
			);
			path = Utilities;
			sourceTree = "<group>";
		};
		C8FDD822B1EBECBC3A96F5BD /* Model */ = {
			isa = PBXGroup;
			children = (
				8AF322394504D581EAC9EE08 /* SpacingDefaults.swift */,
				C49005C5744A451EF638D877 /* SpacingPreset.swift */,
			);
			path = Model;
			sourceTree = "<group>";
		};
/* End PBXGroup section */

/* Begin PBXNativeTarget section */
		BA0148AE9D785DDB83572B48 /* MenuBarSpacing */ = {
			isa = PBXNativeTarget;
			buildConfigurationList = 484051B1C61D06AE41AC8D5E /* Build configuration list for PBXNativeTarget "MenuBarSpacing" */;
			buildPhases = (
				E4E97EF08C38573D4A56D099 /* Sources */,
				1D5BC5F4DBFA8F59694248E3 /* Resources */,
			);
			buildRules = (
			);
			dependencies = (
			);
			name = MenuBarSpacing;
			packageProductDependencies = (
			);
			productName = MenuBarSpacing;
			productReference = ECA8F6C2BD8549A5C3408E45 /* MenuBarSpacing.app */;
			productType = "com.apple.product-type.application";
		};
/* End PBXNativeTarget section */

/* Begin PBXProject section */
		5FDD524F3AE57BDF17540F71 /* Project object */ = {
			isa = PBXProject;
			attributes = {
				BuildIndependentTargetsInParallel = YES;
				LastUpgradeCheck = 1600;
				TargetAttributes = {
					BA0148AE9D785DDB83572B48 = {
						ProvisioningStyle = Manual;
					};
				};
			};
			buildConfigurationList = 5036FD3DC9434FE7D82EC0A4 /* Build configuration list for PBXProject "MenuBarSpacing" */;
			developmentRegion = en;
			hasScannedForEncodings = 0;
			knownRegions = (
				Base,
				en,
			);
			mainGroup = 3285E5B27814D201EF04812C;
			minimizedProjectReferenceProxies = 1;
			preferredProjectObjectVersion = 77;
			productRefGroup = 6FBED19840801E26A6C3B1D8 /* Products */;
			projectDirPath = "";
			projectRoot = "";
			targets = (
				BA0148AE9D785DDB83572B48 /* MenuBarSpacing */,
			);
		};
/* End PBXProject section */

/* Begin PBXResourcesBuildPhase section */
		1D5BC5F4DBFA8F59694248E3 /* Resources */ = {
			isa = PBXResourcesBuildPhase;
			buildActionMask = 2147483647;
			files = (
				47D0B2574F549B5FE65E97B5 /* Assets.xcassets in Resources */,
				B5DC31025F1CAFE8B7F58CFF /* Localizable.xcstrings in Resources */,
			);
			runOnlyForDeploymentPostprocessing = 0;
		};
/* End PBXResourcesBuildPhase section */

/* Begin PBXSourcesBuildPhase section */
		E4E97EF08C38573D4A56D099 /* Sources */ = {
			isa = PBXSourcesBuildPhase;
			buildActionMask = 2147483647;
			files = (
				A4548906D75AEE38419CD9E4 /* AboutView.swift in Sources */,
				8F0F51172FBE5554B2AA0496 /* AboutWindow.swift in Sources */,
				F27C839B5322ECC69733C72F /* ApplySection.swift in Sources */,
				9CD52BCCA853901F6C84F65D /* ContentView.swift in Sources */,
				C7753397D2196F3F14C5DAFF /* ControlCenterRestart.swift in Sources */,
				DDABDA6C8297CF05CE0133AD /* GitHubUpdateChecker.swift in Sources */,
				FECE9D9C6BFC347A5788A310 /* MenuBarPreview.swift in Sources */,
				99C6A59976ECD2B61A11E44E /* MenuBarSpacingApp.swift in Sources */,
				B6A637FC5BD2412A84295B30 /* PresetPicker.swift in Sources */,
				0EF9CAA4418172FEBCFAA951 /* SpacingDefaults.swift in Sources */,
				A2CF2A5ABEFAD0817969B47A /* SpacingPreset.swift in Sources */,
				3585A7A61AAEE1F9163AAE5A /* SpacingSliderCard.swift in Sources */,
			);
			runOnlyForDeploymentPostprocessing = 0;
		};
/* End PBXSourcesBuildPhase section */

/* Begin XCBuildConfiguration section */
		27EE07CA16273661236C9F8E /* Release */ = {
			isa = XCBuildConfiguration;
			buildSettings = {
				ASSETCATALOG_COMPILER_APPICON_NAME = AppIcon;
				CODE_SIGN_ENTITLEMENTS = MenuBarSpacing/App/MenuBarSpacing.entitlements;
				COMBINE_HIDPI_IMAGES = YES;
				CURRENT_PROJECT_VERSION = 1;
				GENERATE_INFOPLIST_FILE = NO;
				INFOPLIST_FILE = MenuBarSpacing/App/Info.plist;
				LD_RUNPATH_SEARCH_PATHS = (
					"$(inherited)",
					"@executable_path/../Frameworks",
				);
				MARKETING_VERSION = 1.0.0;
				PRODUCT_BUNDLE_IDENTIFIER = com.beyondthecode.menubarspacing;
				PRODUCT_NAME = "Menu Bar Spacing";
				SDKROOT = macosx;
				SWIFT_STRICT_CONCURRENCY = complete;
			};
			name = Release;
		};
		47A5D0D82D2FD1C2F1497247 /* Release */ = {
			isa = XCBuildConfiguration;
			buildSettings = {
				ALWAYS_SEARCH_USER_PATHS = NO;
				CLANG_ANALYZER_NONNULL = YES;
				CLANG_ANALYZER_NUMBER_OBJECT_CONVERSION = YES_AGGRESSIVE;
				CLANG_CXX_LANGUAGE_STANDARD = "gnu++14";
				CLANG_CXX_LIBRARY = "libc++";
				CLANG_ENABLE_MODULES = YES;
				CLANG_ENABLE_OBJC_ARC = YES;
				CLANG_ENABLE_OBJC_WEAK = YES;
				CLANG_WARN_BLOCK_CAPTURE_AUTORELEASING = YES;
				CLANG_WARN_BOOL_CONVERSION = YES;
				CLANG_WARN_COMMA = YES;
				CLANG_WARN_CONSTANT_CONVERSION = YES;
				CLANG_WARN_DEPRECATED_OBJC_IMPLEMENTATIONS = YES;
				CLANG_WARN_DIRECT_OBJC_ISA_USAGE = YES_ERROR;
				CLANG_WARN_DOCUMENTATION_COMMENTS = YES;
				CLANG_WARN_EMPTY_BODY = YES;
				CLANG_WARN_ENUM_CONVERSION = YES;
				CLANG_WARN_INFINITE_RECURSION = YES;
				CLANG_WARN_INT_CONVERSION = YES;
				CLANG_WARN_NON_LITERAL_NULL_CONVERSION = YES;
				CLANG_WARN_OBJC_IMPLICIT_RETAIN_SELF = YES;
				CLANG_WARN_OBJC_LITERAL_CONVERSION = YES;
				CLANG_WARN_OBJC_ROOT_CLASS = YES_ERROR;
				CLANG_WARN_QUOTED_INCLUDE_IN_FRAMEWORK_HEADER = YES;
				CLANG_WARN_RANGE_LOOP_ANALYSIS = YES;
				CLANG_WARN_STRICT_PROTOTYPES = YES;
				CLANG_WARN_SUSPICIOUS_MOVE = YES;
				CLANG_WARN_UNGUARDED_AVAILABILITY = YES_AGGRESSIVE;
				CLANG_WARN_UNREACHABLE_CODE = YES;
				CLANG_WARN__DUPLICATE_METHOD_MATCH = YES;
				CODE_SIGN_IDENTITY = "-";
				CODE_SIGN_STYLE = Manual;
				COPY_PHASE_STRIP = NO;
				DEBUG_INFORMATION_FORMAT = "dwarf-with-dsym";
				ENABLE_HARDENED_RUNTIME = YES;
				ENABLE_NS_ASSERTIONS = NO;
				ENABLE_STRICT_OBJC_MSGSEND = YES;
				GCC_C_LANGUAGE_STANDARD = gnu11;
				GCC_NO_COMMON_BLOCKS = YES;
				GCC_WARN_64_TO_32_BIT_CONVERSION = YES;
				GCC_WARN_ABOUT_RETURN_TYPE = YES_ERROR;
				GCC_WARN_UNDECLARED_SELECTOR = YES;
				GCC_WARN_UNINITIALIZED_AUTOS = YES_AGGRESSIVE;
				GCC_WARN_UNUSED_FUNCTION = YES;
				GCC_WARN_UNUSED_VARIABLE = YES;
				MACOSX_DEPLOYMENT_TARGET = 14.0;
				MTL_ENABLE_DEBUG_INFO = NO;
				MTL_FAST_MATH = YES;
				PRODUCT_NAME = "$(TARGET_NAME)";
				SDKROOT = macosx;
				SWIFT_COMPILATION_MODE = wholemodule;
				SWIFT_OPTIMIZATION_LEVEL = "-O";
				SWIFT_VERSION = 6.0;
			};
			name = Release;
		};
		68D32195CFD0A97D92A03179 /* Debug */ = {
			isa = XCBuildConfiguration;
			buildSettings = {
				ALWAYS_SEARCH_USER_PATHS = NO;
				CLANG_ANALYZER_NONNULL = YES;
				CLANG_ANALYZER_NUMBER_OBJECT_CONVERSION = YES_AGGRESSIVE;
				CLANG_CXX_LANGUAGE_STANDARD = "gnu++14";
				CLANG_CXX_LIBRARY = "libc++";
				CLANG_ENABLE_MODULES = YES;
				CLANG_ENABLE_OBJC_ARC = YES;
				CLANG_ENABLE_OBJC_WEAK = YES;
				CLANG_WARN_BLOCK_CAPTURE_AUTORELEASING = YES;
				CLANG_WARN_BOOL_CONVERSION = YES;
				CLANG_WARN_COMMA = YES;
				CLANG_WARN_CONSTANT_CONVERSION = YES;
				CLANG_WARN_DEPRECATED_OBJC_IMPLEMENTATIONS = YES;
				CLANG_WARN_DIRECT_OBJC_ISA_USAGE = YES_ERROR;
				CLANG_WARN_DOCUMENTATION_COMMENTS = YES;
				CLANG_WARN_EMPTY_BODY = YES;
				CLANG_WARN_ENUM_CONVERSION = YES;
				CLANG_WARN_INFINITE_RECURSION = YES;
				CLANG_WARN_INT_CONVERSION = YES;
				CLANG_WARN_NON_LITERAL_NULL_CONVERSION = YES;
				CLANG_WARN_OBJC_IMPLICIT_RETAIN_SELF = YES;
				CLANG_WARN_OBJC_LITERAL_CONVERSION = YES;
				CLANG_WARN_OBJC_ROOT_CLASS = YES_ERROR;
				CLANG_WARN_QUOTED_INCLUDE_IN_FRAMEWORK_HEADER = YES;
				CLANG_WARN_RANGE_LOOP_ANALYSIS = YES;
				CLANG_WARN_STRICT_PROTOTYPES = YES;
				CLANG_WARN_SUSPICIOUS_MOVE = YES;
				CLANG_WARN_UNGUARDED_AVAILABILITY = YES_AGGRESSIVE;
				CLANG_WARN_UNREACHABLE_CODE = YES;
				CLANG_WARN__DUPLICATE_METHOD_MATCH = YES;
				CODE_SIGN_IDENTITY = "-";
				CODE_SIGN_STYLE = Manual;
				COPY_PHASE_STRIP = NO;
				DEBUG_INFORMATION_FORMAT = dwarf;
				ENABLE_HARDENED_RUNTIME = YES;
				ENABLE_STRICT_OBJC_MSGSEND = YES;
				ENABLE_TESTABILITY = YES;
				GCC_C_LANGUAGE_STANDARD = gnu11;
				GCC_DYNAMIC_NO_PIC = NO;
				GCC_NO_COMMON_BLOCKS = YES;
				GCC_OPTIMIZATION_LEVEL = 0;
				GCC_PREPROCESSOR_DEFINITIONS = (
					"$(inherited)",
					"DEBUG=1",
				);
				GCC_WARN_64_TO_32_BIT_CONVERSION = YES;
				GCC_WARN_ABOUT_RETURN_TYPE = YES_ERROR;
				GCC_WARN_UNDECLARED_SELECTOR = YES;
				GCC_WARN_UNINITIALIZED_AUTOS = YES_AGGRESSIVE;
				GCC_WARN_UNUSED_FUNCTION = YES;
				GCC_WARN_UNUSED_VARIABLE = YES;
				MACOSX_DEPLOYMENT_TARGET = 14.0;
				MTL_ENABLE_DEBUG_INFO = INCLUDE_SOURCE;
				MTL_FAST_MATH = YES;
				ONLY_ACTIVE_ARCH = YES;
				PRODUCT_NAME = "$(TARGET_NAME)";
				SDKROOT = macosx;
				SWIFT_ACTIVE_COMPILATION_CONDITIONS = DEBUG;
				SWIFT_OPTIMIZATION_LEVEL = "-Onone";
				SWIFT_VERSION = 6.0;
			};
			name = Debug;
		};
		6C1BBDF9E479139B3FA12DD7 /* Debug */ = {
			isa = XCBuildConfiguration;
			buildSettings = {
				ASSETCATALOG_COMPILER_APPICON_NAME = AppIcon;
				CODE_SIGN_ENTITLEMENTS = MenuBarSpacing/App/MenuBarSpacing.entitlements;
				COMBINE_HIDPI_IMAGES = YES;
				CURRENT_PROJECT_VERSION = 1;
				GENERATE_INFOPLIST_FILE = NO;
				INFOPLIST_FILE = MenuBarSpacing/App/Info.plist;
				LD_RUNPATH_SEARCH_PATHS = (
					"$(inherited)",
					"@executable_path/../Frameworks",
				);
				MARKETING_VERSION = 1.0.0;
				PRODUCT_BUNDLE_IDENTIFIER = com.beyondthecode.menubarspacing;
				PRODUCT_NAME = "Menu Bar Spacing";
				SDKROOT = macosx;
				SWIFT_STRICT_CONCURRENCY = complete;
			};
			name = Debug;
		};
/* End XCBuildConfiguration section */

/* Begin XCConfigurationList section */
		484051B1C61D06AE41AC8D5E /* Build configuration list for PBXNativeTarget "MenuBarSpacing" */ = {
			isa = XCConfigurationList;
			buildConfigurations = (
				6C1BBDF9E479139B3FA12DD7 /* Debug */,
				27EE07CA16273661236C9F8E /* Release */,
			);
			defaultConfigurationIsVisible = 0;
			defaultConfigurationName = Debug;
		};
		5036FD3DC9434FE7D82EC0A4 /* Build configuration list for PBXProject "MenuBarSpacing" */ = {
			isa = XCConfigurationList;
			buildConfigurations = (
				68D32195CFD0A97D92A03179 /* Debug */,
				47A5D0D82D2FD1C2F1497247 /* Release */,
			);
			defaultConfigurationIsVisible = 0;
			defaultConfigurationName = Debug;
		};
/* End XCConfigurationList section */
	};
	rootObject = 5FDD524F3AE57BDF17540F71 /* Project object */;
}
